
Microsoft Visual Studio Solution File, Format Version 12.00
# Visual Studio Version 16
VisualStudioVersion = 16.0.31911.196
MinimumVisualStudioVersion = 10.0.40219.1
Project("{9A19103F-16F7-4668-BE54-9A1E7A4F7556}") = "Server", "Server\Server.csproj", "{1F404A57-ECE5-4FE4-9C9C-D208E790900C}"
EndProject
Project("{9A19103F-16F7-4668-BE54-9A1E7A4F7556}") = "MainLib", "MLLibrary\MainLib.csproj", "{400901D6-1D14-403B-8D7B-733BB98757C6}"
EndProject
Project("{9A19103F-16F7-4668-BE54-9A1E7A4F7556}") = "ImageStorage", "PictureStorage\ImageStorage.csproj", "{1843EB9A-A3C5-43BF-ADF6-F8102918B89F}"
EndProject
Project("{9A19103F-16F7-4668-BE54-9A1E7A4F7556}") = "DbTableEntities", "..\DbTableEntities\DbTableEntities.csproj", "{2C61AA0A-500E-4950-A3A6-2F9623B62549}"
EndProject
Project("{9A19103F-16F7-4668-BE54-9A1E7A4F7556}") = "WebStructures", "..\WebStructures\WebStructures.csproj", "{B1A80AAD-D926-4616-ACF8-62DA9FEC8A53}"
EndProject
Global
	GlobalSection(SolutionConfigurationPlatforms) = preSolution
		Debug|Any CPU = Debug|Any CPU
		Release|Any CPU = Release|Any CPU
	EndGlobalSection
	GlobalSection(ProjectConfigurationPlatforms) = postSolution
		{1F404A57-ECE5-4FE4-9C9C-D208E790900C}.Debug|Any CPU.ActiveCfg = Debug|Any CPU
		{1F404A57-ECE5-4FE4-9C9C-D208E790900C}.Debug|Any CPU.Build.0 = Debug|Any CPU
		{1F404A57-ECE5-4FE4-9C9C-D208E790900C}.Release|Any CPU.ActiveCfg = Release|Any CPU
		{1F404A57-ECE5-4FE4-9C9C-D208E790900C}.Release|Any CPU.Build.0 = Release|Any CPU
		{400901D6-1D14-403B-8D7B-733BB98757C6}.Debug|Any CPU.ActiveCfg = Debug|Any CPU
		{400901D6-1D14-403B-8D7B-733BB98757C6}.Debug|Any CPU.Build.0 = Debug|Any CPU
		{400901D6-1D14-403B-8D7B-733BB98757C6}.Release|Any CPU.ActiveCfg = Release|Any CPU
		{400901D6-1D14-403B-8D7B-733BB98757C6}.Release|Any CPU.Build.0 = Release|Any CPU
		{1843EB9A-A3C5-43BF-ADF6-F8102918B89F}.Debug|Any CPU.ActiveCfg = Debug|Any CPU
		{1843EB9A-A3C5-43BF-ADF6-F8102918B89F}.Debug|Any CPU.Build.0 = Debug|Any CPU
		{1843EB9A-A3C5-43BF-ADF6-F8102918B89F}.Release|Any CPU.ActiveCfg = Release|Any CPU
		{1843EB9A-A3C5-43BF-ADF6-F8102918B89F}.Release|Any CPU.Build.0 = Release|Any CPU
		{2C61AA0A-500E-4950-A3A6-2F9623B62549}.Debug|Any CPU.ActiveCfg = Debug|Any CPU
		{2C61AA0A-500E-4950-A3A6-2F9623B62549}.Debug|Any CPU.Build.0 = Debug|Any CPU
		{2C61AA0A-500E-4950-A3A6-2F9623B62549}.Release|Any CPU.ActiveCfg = Release|Any CPU
		{2C61AA0A-500E-4950-A3A6-2F9623B62549}.Release|Any CPU.Build.0 = Release|Any CPU
		{B1A80AAD-D926-4616-ACF8-62DA9FEC8A53}.Debug|Any CPU.ActiveCfg = Debug|Any CPU
		{B1A80AAD-D926-4616-ACF8-62DA9FEC8A53}.Debug|Any CPU.Build.0 = Debug|Any CPU
		{B1A80AAD-D926-4616-ACF8-62DA9FEC8A53}.Release|Any CPU.ActiveCfg = Release|Any CPU
		{B1A80AAD-D926-4616-ACF8-62DA9FEC8A53}.Release|Any CPU.Build.0 = Release|Any CPU
	EndGlobalSection
	GlobalSection(SolutionProperties) = preSolution
		HideSolutionNode = FALSE
	EndGlobalSection
	GlobalSection(ExtensibilityGlobals) = postSolution
		SolutionGuid = {ADAF6380-CD6D-47CF-8300-61FDF21240DC}
	EndGlobalSection
EndGlobal
